
Microsoft Visual Studio Solution File, Format Version 12.00
# Visual Studio Version 17
VisualStudioVersion = 17.4.33122.133
MinimumVisualStudioVersion = 10.0.40219.1
Project("{FAE04EC0-301F-11D3-BF4B-00C04F79EFBC}") = "Day8", "Day8.csproj", "{81AE5201-0FEE-46F7-95E0-61DFB70C9D54}"
EndProject
Global
	GlobalSection(SolutionConfigurationPlatforms) = preSolution
		Debug|Any CPU = Debug|Any CPU
		Release|Any CPU = Release|Any CPU
	EndGlobalSection
	GlobalSection(ProjectConfigurationPlatforms) = postSolution
		{81AE5201-0FEE-46F7-95E0-61DFB70C9D54}.Debug|Any CPU.ActiveCfg = Debug|Any CPU
		{81AE5201-0FEE-46F7-95E0-61DFB70C9D54}.Debug|Any CPU.Build.0 = Debug|Any CPU
		{81AE5201-0FEE-46F7-95E0-61DFB70C9D54}.Release|Any CPU.ActiveCfg = Release|Any CPU
		{81AE5201-0FEE-46F7-95E0-61DFB70C9D54}.Release|Any CPU.Build.0 = Release|Any CPU
	EndGlobalSection
	GlobalSection(SolutionProperties) = preSolution
		HideSolutionNode = FALSE
	EndGlobalSection
	GlobalSection(ExtensibilityGlobals) = postSolution
		SolutionGuid = {4360A054-9599-4BF7-94DF-2AE5C751D7DF}
	EndGlobalSection
EndGlobal
